
Microsoft Visual Studio Solution File, Format Version 12.00
# Visual Studio Version 16
VisualStudioVersion = 16.0.29519.181
MinimumVisualStudioVersion = 10.0.40219.1
Project("{FAE04EC0-301F-11D3-BF4B-00C04F79EFBC}") = "SRVar1Lib", "SRVar1Lib\SRVar1Lib.csproj", "{29780800-BFE1-4223-AF44-EC5B4C9BFE84}"
EndProject
Global
	GlobalSection(SolutionConfigurationPlatforms) = preSolution
		Debug|Any CPU = Debug|Any CPU
		Release|Any CPU = Release|Any CPU
	EndGlobalSection
	GlobalSection(ProjectConfigurationPlatforms) = postSolution
		{29780800-BFE1-4223-AF44-EC5B4C9BFE84}.Debug|Any CPU.ActiveCfg = Debug|Any CPU
		{29780800-BFE1-4223-AF44-EC5B4C9BFE84}.Debug|Any CPU.Build.0 = Debug|Any CPU
		{29780800-BFE1-4223-AF44-EC5B4C9BFE84}.Release|Any CPU.ActiveCfg = Release|Any CPU
		{29780800-BFE1-4223-AF44-EC5B4C9BFE84}.Release|Any CPU.Build.0 = Release|Any CPU
	EndGlobalSection
	GlobalSection(SolutionProperties) = preSolution
		HideSolutionNode = FALSE
	EndGlobalSection
	GlobalSection(ExtensibilityGlobals) = postSolution
		SolutionGuid = {BBFA717F-4164-4442-A6B4-609FB0EAABD8}
	EndGlobalSection
EndGlobal
