
Microsoft Visual Studio Solution File, Format Version 12.00
# Visual Studio Version 16
VisualStudioVersion = 16.0.29519.181
MinimumVisualStudioVersion = 10.0.40219.1
Project("{FAE04EC0-301F-11D3-BF4B-00C04F79EFBC}") = "Task0", "Task0\Task0.csproj", "{1EBF7D1A-886B-41B5-8A0A-12D34DA2009E}"
EndProject
Project("{9A19103F-16F7-4668-BE54-9A1E7A4F7556}") = "Task0Lib", "Task0Lib\Task0Lib.csproj", "{513121BD-A124-460E-80D6-A6C88A3A586E}"
EndProject
Project("{FAE04EC0-301F-11D3-BF4B-00C04F79EFBC}") = "Task1", "Task1\Task1.csproj", "{1924CBA7-7273-4D3E-A53C-E06F03AD24E9}"
EndProject
Project("{9A19103F-16F7-4668-BE54-9A1E7A4F7556}") = "Task2Lib", "Task2Lib\Task2Lib.csproj", "{3D7D2F4B-5918-4F88-AD0C-C3163D536B6C}"
EndProject
Project("{FAE04EC0-301F-11D3-BF4B-00C04F79EFBC}") = "Task01", "Task01\Task01.csproj", "{D17079AD-6067-4833-B653-2050A63CDBEC}"
EndProject
Project("{FAE04EC0-301F-11D3-BF4B-00C04F79EFBC}") = "Task2", "Task2\Task2.csproj", "{D2585AEF-06A4-4974-A6BA-1AD984994FF9}"
EndProject
Project("{FAE04EC0-301F-11D3-BF4B-00C04F79EFBC}") = "Task6", "Task6\Task6.csproj", "{38A6048E-08F1-454D-B334-2A247B4BB6F7}"
EndProject
Project("{9A19103F-16F7-4668-BE54-9A1E7A4F7556}") = "Task6Lib", "Task6Lib\Task6Lib.csproj", "{F4C4DEAE-2234-49A0-9101-37064123E4F3}"
EndProject
Project("{9A19103F-16F7-4668-BE54-9A1E7A4F7556}") = "Task3Lib", "Task3Lib\Task3Lib.csproj", "{BE13BBC8-34A0-4893-9904-146930CD1173}"
EndProject
Project("{FAE04EC0-301F-11D3-BF4B-00C04F79EFBC}") = "Task3Console", "Task3Console\Task3Console.csproj", "{17B3EA00-68F2-4DCF-BB07-6E0C5E5D2155}"
EndProject
Project("{FAE04EC0-301F-11D3-BF4B-00C04F79EFBC}") = "Task5", "Task5\Task5.csproj", "{EC8CB8A9-55D2-4662-B30B-AE18D2C58223}"
EndProject
Project("{FAE04EC0-301F-11D3-BF4B-00C04F79EFBC}") = "Task3Forms", "Task3Forms\Task3Forms.csproj", "{EE9104DF-78A1-47E1-8F21-2F5EB3B6577B}"
EndProject
Global
	GlobalSection(SolutionConfigurationPlatforms) = preSolution
		Debug|Any CPU = Debug|Any CPU
		Release|Any CPU = Release|Any CPU
	EndGlobalSection
	GlobalSection(ProjectConfigurationPlatforms) = postSolution
		{1EBF7D1A-886B-41B5-8A0A-12D34DA2009E}.Debug|Any CPU.ActiveCfg = Debug|Any CPU
		{1EBF7D1A-886B-41B5-8A0A-12D34DA2009E}.Debug|Any CPU.Build.0 = Debug|Any CPU
		{1EBF7D1A-886B-41B5-8A0A-12D34DA2009E}.Release|Any CPU.ActiveCfg = Release|Any CPU
		{1EBF7D1A-886B-41B5-8A0A-12D34DA2009E}.Release|Any CPU.Build.0 = Release|Any CPU
		{513121BD-A124-460E-80D6-A6C88A3A586E}.Debug|Any CPU.ActiveCfg = Debug|Any CPU
		{513121BD-A124-460E-80D6-A6C88A3A586E}.Debug|Any CPU.Build.0 = Debug|Any CPU
		{513121BD-A124-460E-80D6-A6C88A3A586E}.Release|Any CPU.ActiveCfg = Release|Any CPU
		{513121BD-A124-460E-80D6-A6C88A3A586E}.Release|Any CPU.Build.0 = Release|Any CPU
		{1924CBA7-7273-4D3E-A53C-E06F03AD24E9}.Debug|Any CPU.ActiveCfg = Debug|Any CPU
		{1924CBA7-7273-4D3E-A53C-E06F03AD24E9}.Debug|Any CPU.Build.0 = Debug|Any CPU
		{1924CBA7-7273-4D3E-A53C-E06F03AD24E9}.Release|Any CPU.ActiveCfg = Release|Any CPU
		{1924CBA7-7273-4D3E-A53C-E06F03AD24E9}.Release|Any CPU.Build.0 = Release|Any CPU
		{3D7D2F4B-5918-4F88-AD0C-C3163D536B6C}.Debug|Any CPU.ActiveCfg = Debug|Any CPU
		{3D7D2F4B-5918-4F88-AD0C-C3163D536B6C}.Debug|Any CPU.Build.0 = Debug|Any CPU
		{3D7D2F4B-5918-4F88-AD0C-C3163D536B6C}.Release|Any CPU.ActiveCfg = Release|Any CPU
		{3D7D2F4B-5918-4F88-AD0C-C3163D536B6C}.Release|Any CPU.Build.0 = Release|Any CPU
		{D17079AD-6067-4833-B653-2050A63CDBEC}.Debug|Any CPU.ActiveCfg = Debug|Any CPU
		{D17079AD-6067-4833-B653-2050A63CDBEC}.Debug|Any CPU.Build.0 = Debug|Any CPU
		{D17079AD-6067-4833-B653-2050A63CDBEC}.Release|Any CPU.ActiveCfg = Release|Any CPU
		{D17079AD-6067-4833-B653-2050A63CDBEC}.Release|Any CPU.Build.0 = Release|Any CPU
		{D2585AEF-06A4-4974-A6BA-1AD984994FF9}.Debug|Any CPU.ActiveCfg = Debug|Any CPU
		{D2585AEF-06A4-4974-A6BA-1AD984994FF9}.Debug|Any CPU.Build.0 = Debug|Any CPU
		{D2585AEF-06A4-4974-A6BA-1AD984994FF9}.Release|Any CPU.ActiveCfg = Release|Any CPU
		{D2585AEF-06A4-4974-A6BA-1AD984994FF9}.Release|Any CPU.Build.0 = Release|Any CPU
		{38A6048E-08F1-454D-B334-2A247B4BB6F7}.Debug|Any CPU.ActiveCfg = Debug|Any CPU
		{38A6048E-08F1-454D-B334-2A247B4BB6F7}.Debug|Any CPU.Build.0 = Debug|Any CPU
		{38A6048E-08F1-454D-B334-2A247B4BB6F7}.Release|Any CPU.ActiveCfg = Release|Any CPU
		{38A6048E-08F1-454D-B334-2A247B4BB6F7}.Release|Any CPU.Build.0 = Release|Any CPU
		{F4C4DEAE-2234-49A0-9101-37064123E4F3}.Debug|Any CPU.ActiveCfg = Debug|Any CPU
		{F4C4DEAE-2234-49A0-9101-37064123E4F3}.Debug|Any CPU.Build.0 = Debug|Any CPU
		{F4C4DEAE-2234-49A0-9101-37064123E4F3}.Release|Any CPU.ActiveCfg = Release|Any CPU
		{F4C4DEAE-2234-49A0-9101-37064123E4F3}.Release|Any CPU.Build.0 = Release|Any CPU
		{BE13BBC8-34A0-4893-9904-146930CD1173}.Debug|Any CPU.ActiveCfg = Debug|Any CPU
		{BE13BBC8-34A0-4893-9904-146930CD1173}.Debug|Any CPU.Build.0 = Debug|Any CPU
		{BE13BBC8-34A0-4893-9904-146930CD1173}.Release|Any CPU.ActiveCfg = Release|Any CPU
		{BE13BBC8-34A0-4893-9904-146930CD1173}.Release|Any CPU.Build.0 = Release|Any CPU
		{17B3EA00-68F2-4DCF-BB07-6E0C5E5D2155}.Debug|Any CPU.ActiveCfg = Debug|Any CPU
		{17B3EA00-68F2-4DCF-BB07-6E0C5E5D2155}.Debug|Any CPU.Build.0 = Debug|Any CPU
		{17B3EA00-68F2-4DCF-BB07-6E0C5E5D2155}.Release|Any CPU.ActiveCfg = Release|Any CPU
		{17B3EA00-68F2-4DCF-BB07-6E0C5E5D2155}.Release|Any CPU.Build.0 = Release|Any CPU
		{EC8CB8A9-55D2-4662-B30B-AE18D2C58223}.Debug|Any CPU.ActiveCfg = Debug|Any CPU
		{EC8CB8A9-55D2-4662-B30B-AE18D2C58223}.Debug|Any CPU.Build.0 = Debug|Any CPU
		{EC8CB8A9-55D2-4662-B30B-AE18D2C58223}.Release|Any CPU.ActiveCfg = Release|Any CPU
		{EC8CB8A9-55D2-4662-B30B-AE18D2C58223}.Release|Any CPU.Build.0 = Release|Any CPU
		{EE9104DF-78A1-47E1-8F21-2F5EB3B6577B}.Debug|Any CPU.ActiveCfg = Debug|Any CPU
		{EE9104DF-78A1-47E1-8F21-2F5EB3B6577B}.Debug|Any CPU.Build.0 = Debug|Any CPU
		{EE9104DF-78A1-47E1-8F21-2F5EB3B6577B}.Release|Any CPU.ActiveCfg = Release|Any CPU
		{EE9104DF-78A1-47E1-8F21-2F5EB3B6577B}.Release|Any CPU.Build.0 = Release|Any CPU
	EndGlobalSection
	GlobalSection(SolutionProperties) = preSolution
		HideSolutionNode = FALSE
	EndGlobalSection
	GlobalSection(ExtensibilityGlobals) = postSolution
		SolutionGuid = {AACF0880-2F00-4941-84CE-B170524BBB81}
	EndGlobalSection
EndGlobal
